
Microsoft Visual Studio Solution File, Format Version 12.00
# Visual Studio 2013
VisualStudioVersion = 12.0.21005.1
MinimumVisualStudioVersion = 10.0.40219.1
Project("{FAE04EC0-301F-11D3-BF4B-00C04F79EFBC}") = "PRACTICANDO", "PRACTICANDO\PRACTICANDO.csproj", "{433AB08F-DDFB-4F09-95D6-A73CEF15C3F6}"
EndProject
Project("{FAE04EC0-301F-11D3-BF4B-00C04F79EFBC}") = "pract", "pract\pract.csproj", "{270C9F54-764B-4AA8-B3B1-1AC3EACE3804}"
EndProject
Global
	GlobalSection(SolutionConfigurationPlatforms) = preSolution
		Debug|Any CPU = Debug|Any CPU
		Release|Any CPU = Release|Any CPU
	EndGlobalSection
	GlobalSection(ProjectConfigurationPlatforms) = postSolution
		{433AB08F-DDFB-4F09-95D6-A73CEF15C3F6}.Debug|Any CPU.ActiveCfg = Debug|Any CPU
		{433AB08F-DDFB-4F09-95D6-A73CEF15C3F6}.Debug|Any CPU.Build.0 = Debug|Any CPU
		{433AB08F-DDFB-4F09-95D6-A73CEF15C3F6}.Release|Any CPU.ActiveCfg = Release|Any CPU
		{433AB08F-DDFB-4F09-95D6-A73CEF15C3F6}.Release|Any CPU.Build.0 = Release|Any CPU
		{270C9F54-764B-4AA8-B3B1-1AC3EACE3804}.Debug|Any CPU.ActiveCfg = Debug|Any CPU
		{270C9F54-764B-4AA8-B3B1-1AC3EACE3804}.Debug|Any CPU.Build.0 = Debug|Any CPU
		{270C9F54-764B-4AA8-B3B1-1AC3EACE3804}.Release|Any CPU.ActiveCfg = Release|Any CPU
		{270C9F54-764B-4AA8-B3B1-1AC3EACE3804}.Release|Any CPU.Build.0 = Release|Any CPU
	EndGlobalSection
	GlobalSection(SolutionProperties) = preSolution
		HideSolutionNode = FALSE
	EndGlobalSection
EndGlobal
